{
  "name": "config-utils",
  "version": "0.1.0",
  "lockfileVersion": 1,
  "requires": true,
  "dependencies": {
    "@hapi/address": {
      "version": "2.1.2",
      "resolved": "https://registry.npmjs.org/@hapi/address/-/address-2.1.2.tgz",
      "integrity": "sha512-O4QDrx+JoGKZc6aN64L04vqa7e41tIiLU+OvKdcYaEMP97UttL0f9GIi9/0A4WAMx0uBd6SidDIhktZhgOcN8Q=="
    },
    "@hapi/formula": {
      "version": "1.2.0",
      "resolved": "https://registry.npmjs.org/@hapi/formula/-/formula-1.2.0.tgz",
      "integrity": "sha512-UFbtbGPjstz0eWHb+ga/GM3Z9EzqKXFWIbSOFURU0A/Gku0Bky4bCk9/h//K2Xr3IrCfjFNhMm4jyZ5dbCewGA=="
    },
    "@hapi/hoek": {
      "version": "8.5.0",
      "resolved": "https://registry.npmjs.org/@hapi/hoek/-/hoek-8.5.0.tgz",
      "integrity": "sha512-7XYT10CZfPsH7j9F1Jmg1+d0ezOux2oM2GfArAzLwWe4mE2Dr3hVjsAL6+TFY49RRJlCdJDMw3nJsLFroTc8Kw=="
    },
    "@hapi/joi": {
      "version": "16.0.0",
      "resolved": "https://registry.npmjs.org/@hapi/joi/-/joi-16.0.0.tgz",
      "integrity": "sha512-OYWoI/uqs40IdRvPmgn5ame35esBnPR4qhzrE03o+Pb8NnlXIBJZWMXgAlwp43781Ybm0R1iEEMDx0H2lP8mJQ==",
      "requires": {
        "@hapi/address": "2.x.x",
        "@hapi/formula": "1.x.x",
        "@hapi/hoek": "8.x.x",
        "@hapi/pinpoint": "1.x.x",
        "@hapi/topo": "3.x.x"
      }
    },
    "@hapi/pinpoint": {
      "version": "1.0.2",
      "resolved": "https://registry.npmjs.org/@hapi/pinpoint/-/pinpoint-1.0.2.tgz",
      "integrity": "sha512-dtXC/WkZBfC5vxscazuiJ6iq4j9oNx1SHknmIr8hofarpKUZKmlUVYVIhNVzIEgK5Wrc4GMHL5lZtt1uS2flmQ=="
    },
    "@hapi/topo": {
      "version": "3.1.6",
      "resolved": "https://registry.npmjs.org/@hapi/topo/-/topo-3.1.6.tgz",
      "integrity": "sha512-tAag0jEcjwH+P2quUfipd7liWCNX2F8NvYjQp2wtInsZxnMlypdw0FtAOLxtvvkO+GSRRbmNi8m/5y42PQJYCQ==",
      "requires": {
        "@hapi/hoek": "^8.3.0"
      }
    },
    "@types/hapi__joi": {
      "version": "16.0.0",
      "resolved": "https://registry.npmjs.org/@types/hapi__joi/-/hapi__joi-16.0.0.tgz",
      "integrity": "sha512-WNQRIP65MmVIrLYk4JzRhwUm0jwN0cbeo7kzyQf8QuGAsQ6bgnRfRUipOY+b9RRtfA8xI9ZyM5E46rNSgUaB8g==",
      "dev": true
    }
  }
}
